
Microsoft Visual Studio Solution File, Format Version 12.00
# Visual Studio Version 16
VisualStudioVersion = 16.0.30907.101
MinimumVisualStudioVersion = 10.0.40219.1
Project("{888888A0-9F3D-457C-B088-3A5042F75D52}") = "Dictionary", "Dictionary.pyproj", "{D62AFD1E-86C9-473C-A816-EF16FE141338}"
EndProject
Global
	GlobalSection(SolutionConfigurationPlatforms) = preSolution
		Debug|Any CPU = Debug|Any CPU
		Release|Any CPU = Release|Any CPU
	EndGlobalSection
	GlobalSection(ProjectConfigurationPlatforms) = postSolution
		{D62AFD1E-86C9-473C-A816-EF16FE141338}.Debug|Any CPU.ActiveCfg = Debug|Any CPU
		{D62AFD1E-86C9-473C-A816-EF16FE141338}.Release|Any CPU.ActiveCfg = Release|Any CPU
	EndGlobalSection
	GlobalSection(SolutionProperties) = preSolution
		HideSolutionNode = FALSE
	EndGlobalSection
	GlobalSection(ExtensibilityGlobals) = postSolution
		SolutionGuid = {0FF27186-924A-432B-B3E9-2BE45A3CBBE3}
	EndGlobalSection
EndGlobal
